// !$*UTF8*$!
{
	archiveVersion = 1;
	classes = {
	};
	objectVersion = 46;
	objects = {

/* Begin PBXBuildFile section */
		27594AF316DB0A0A00D0AF4E /* LatinAppLoader.sqlite in Resources */ = {isa = PBXBuildFile; fileRef = 27594AF216DB0A0A00D0AF4E /* LatinAppLoader.sqlite */; };
		27594AF416DB0A0A00D0AF4E /* LatinAppLoader.sqlite in Resources */ = {isa = PBXBuildFile; fileRef = 27594AF216DB0A0A00D0AF4E /* LatinAppLoader.sqlite */; };
		27835A261694EA09001D63CE /* Deck.m in Sources */ = {isa = PBXBuildFile; fileRef = 27835A251694EA09001D63CE /* Deck.m */; };
		27835A2A1694EB01001D63CE /* Card.m in Sources */ = {isa = PBXBuildFile; fileRef = 27835A291694EB01001D63CE /* Card.m */; };
		27835A2D1695000E001D63CE /* CardViewController.m in Sources */ = {isa = PBXBuildFile; fileRef = 27835A2C1695000E001D63CE /* CardViewController.m */; };
		2789F559169BBE9A00617173 /* black.png in Resources */ = {isa = PBXBuildFile; fileRef = 2789F549169BBE9A00617173 /* black.png */; };
		2789F55A169BBE9A00617173 /* bread.png in Resources */ = {isa = PBXBuildFile; fileRef = 2789F54A169BBE9A00617173 /* bread.png */; };
		2789F55B169BBE9A00617173 /* brown.png in Resources */ = {isa = PBXBuildFile; fileRef = 2789F54B169BBE9A00617173 /* brown.png */; };
		2789F55C169BBE9A00617173 /* golden.png in Resources */ = {isa = PBXBuildFile; fileRef = 2789F54C169BBE9A00617173 /* golden.png */; };
		2789F55D169BBE9A00617173 /* gray.png in Resources */ = {isa = PBXBuildFile; fileRef = 2789F54D169BBE9A00617173 /* gray.png */; };
		2789F55E169BBE9A00617173 /* green.png in Resources */ = {isa = PBXBuildFile; fileRef = 2789F54E169BBE9A00617173 /* green.png */; };
		2789F55F169BBE9A00617173 /* milk.png in Resources */ = {isa = PBXBuildFile; fileRef = 2789F54F169BBE9A00617173 /* milk.png */; };
		2789F560169BBE9A00617173 /* orange.png in Resources */ = {isa = PBXBuildFile; fileRef = 2789F550169BBE9A00617173 /* orange.png */; };
		2789F561169BBE9A00617173 /* pink.png in Resources */ = {isa = PBXBuildFile; fileRef = 2789F551169BBE9A00617173 /* pink.png */; };
		2789F562169BBE9A00617173 /* purple.png in Resources */ = {isa = PBXBuildFile; fileRef = 2789F552169BBE9A00617173 /* purple.png */; };
		2789F563169BBE9A00617173 /* red.png in Resources */ = {isa = PBXBuildFile; fileRef = 2789F553169BBE9A00617173 /* red.png */; };
		2789F564169BBE9A00617173 /* silver.png in Resources */ = {isa = PBXBuildFile; fileRef = 2789F554169BBE9A00617173 /* silver.png */; };
		2789F565169BBE9A00617173 /* skyblue.png in Resources */ = {isa = PBXBuildFile; fileRef = 2789F555169BBE9A00617173 /* skyblue.png */; };
		2789F566169BBE9A00617173 /* white.png in Resources */ = {isa = PBXBuildFile; fileRef = 2789F556169BBE9A00617173 /* white.png */; };
		2789F567169BBE9A00617173 /* wine.png in Resources */ = {isa = PBXBuildFile; fileRef = 2789F557169BBE9A00617173 /* wine.png */; };
		2789F568169BBE9A00617173 /* yellow.png in Resources */ = {isa = PBXBuildFile; fileRef = 2789F558169BBE9A00617173 /* yellow.png */; };
		27AA0B0A168A70DE00C39A5F /* UIKit.framework in Frameworks */ = {isa = PBXBuildFile; fileRef = 27AA0B09168A70DE00C39A5F /* UIKit.framework */; };
		27AA0B0C168A70DE00C39A5F /* Foundation.framework in Frameworks */ = {isa = PBXBuildFile; fileRef = 27AA0B0B168A70DE00C39A5F /* Foundation.framework */; };
		27AA0B0E168A70DE00C39A5F /* CoreGraphics.framework in Frameworks */ = {isa = PBXBuildFile; fileRef = 27AA0B0D168A70DE00C39A5F /* CoreGraphics.framework */; };
		27AA0B10168A70DE00C39A5F /* CoreData.framework in Frameworks */ = {isa = PBXBuildFile; fileRef = 27AA0B0F168A70DE00C39A5F /* CoreData.framework */; };
		27AA0B16168A70DE00C39A5F /* InfoPlist.strings in Resources */ = {isa = PBXBuildFile; fileRef = 27AA0B14168A70DE00C39A5F /* InfoPlist.strings */; };
		27AA0B18168A70DE00C39A5F /* main.m in Sources */ = {isa = PBXBuildFile; fileRef = 27AA0B17168A70DE00C39A5F /* main.m */; };
		27AA0B1C168A70DE00C39A5F /* AppDelegate.m in Sources */ = {isa = PBXBuildFile; fileRef = 27AA0B1B168A70DE00C39A5F /* AppDelegate.m */; };
		27AA0B25168A70DE00C39A5F /* LatinPractice.xcdatamodeld in Sources */ = {isa = PBXBuildFile; fileRef = 27AA0B23168A70DE00C39A5F /* LatinPractice.xcdatamodeld */; };
		27AA0B28168A70DE00C39A5F /* MainViewController.m in Sources */ = {isa = PBXBuildFile; fileRef = 27AA0B27168A70DE00C39A5F /* MainViewController.m */; };
		27AA0B2B168A70DE00C39A5F /* FlipsideViewController.m in Sources */ = {isa = PBXBuildFile; fileRef = 27AA0B2A168A70DE00C39A5F /* FlipsideViewController.m */; };
		27AA0B2E168A70DE00C39A5F /* MainViewController.xib in Resources */ = {isa = PBXBuildFile; fileRef = 27AA0B2C168A70DE00C39A5F /* MainViewController.xib */; };
		27AA0B31168A70DE00C39A5F /* FlipsideViewController.xib in Resources */ = {isa = PBXBuildFile; fileRef = 27AA0B2F168A70DE00C39A5F /* FlipsideViewController.xib */; };
		27AA0B39168A70DE00C39A5F /* SenTestingKit.framework in Frameworks */ = {isa = PBXBuildFile; fileRef = 27AA0B38168A70DE00C39A5F /* SenTestingKit.framework */; };
		27AA0B3A168A70DE00C39A5F /* UIKit.framework in Frameworks */ = {isa = PBXBuildFile; fileRef = 27AA0B09168A70DE00C39A5F /* UIKit.framework */; };
		27AA0B3B168A70DE00C39A5F /* Foundation.framework in Frameworks */ = {isa = PBXBuildFile; fileRef = 27AA0B0B168A70DE00C39A5F /* Foundation.framework */; };
		27AA0B3C168A70DE00C39A5F /* CoreData.framework in Frameworks */ = {isa = PBXBuildFile; fileRef = 27AA0B0F168A70DE00C39A5F /* CoreData.framework */; };
		27AA0B44168A70DE00C39A5F /* InfoPlist.strings in Resources */ = {isa = PBXBuildFile; fileRef = 27AA0B42168A70DE00C39A5F /* InfoPlist.strings */; };
		27AA0B47168A70DF00C39A5F /* LatinPracticeTests.m in Sources */ = {isa = PBXBuildFile; fileRef = 27AA0B46168A70DF00C39A5F /* LatinPracticeTests.m */; };
		27C8F9FE17657F4A00F5D822 /* bear.png in Resources */ = {isa = PBXBuildFile; fileRef = 27C8F9F217657F4A00F5D822 /* bear.png */; };
		27C8F9FF17657F4A00F5D822 /* beer.png in Resources */ = {isa = PBXBuildFile; fileRef = 27C8F9F317657F4A00F5D822 /* beer.png */; };
		27C8FA0017657F4A00F5D822 /* bird.png in Resources */ = {isa = PBXBuildFile; fileRef = 27C8F9F417657F4A00F5D822 /* bird.png */; };
		27C8FA0117657F4A00F5D822 /* cat.png in Resources */ = {isa = PBXBuildFile; fileRef = 27C8F9F517657F4A00F5D822 /* cat.png */; };
		27C8FA0217657F4A00F5D822 /* cow.png in Resources */ = {isa = PBXBuildFile; fileRef = 27C8F9F617657F4A00F5D822 /* cow.png */; };
		27C8FA0317657F4A00F5D822 /* dog.png in Resources */ = {isa = PBXBuildFile; fileRef = 27C8F9F717657F4A00F5D822 /* dog.png */; };
		27C8FA0417657F4A00F5D822 /* duck.png in Resources */ = {isa = PBXBuildFile; fileRef = 27C8F9F817657F4A00F5D822 /* duck.png */; };
		27C8FA0517657F4A00F5D822 /* egg.png in Resources */ = {isa = PBXBuildFile; fileRef = 27C8F9F917657F4A00F5D822 /* egg.png */; };
		27C8FA0617657F4A00F5D822 /* elephant.png in Resources */ = {isa = PBXBuildFile; fileRef = 27C8F9FA17657F4A00F5D822 /* elephant.png */; };
		27C8FA0717657F4A00F5D822 /* snake.png in Resources */ = {isa = PBXBuildFile; fileRef = 27C8F9FB17657F4A00F5D822 /* snake.png */; };
		27C8FA0817657F4A00F5D822 /* tiger.png in Resources */ = {isa = PBXBuildFile; fileRef = 27C8F9FC17657F4A00F5D822 /* tiger.png */; };
		27C8FA0917657F4A00F5D822 /* water.png in Resources */ = {isa = PBXBuildFile; fileRef = 27C8F9FD17657F4A00F5D822 /* water.png */; };
		27C8FA0B1765808800F5D822 /* pig.png in Resources */ = {isa = PBXBuildFile; fileRef = 27C8FA0A1765808800F5D822 /* pig.png */; };
		27C8FA0F17665D8C00F5D822 /* background.png in Resources */ = {isa = PBXBuildFile; fileRef = 27C8FA0C17665D8C00F5D822 /* background.png */; };
		27C8FA1017665D8C00F5D822 /* background@2x.png in Resources */ = {isa = PBXBuildFile; fileRef = 27C8FA0D17665D8C00F5D822 /* background@2x.png */; };
		27C8FA1117665D8C00F5D822 /* background568.png in Resources */ = {isa = PBXBuildFile; fileRef = 27C8FA0E17665D8C00F5D822 /* background568.png */; };
		27C8FA171766720900F5D822 /* logo@2x.png in Resources */ = {isa = PBXBuildFile; fileRef = 27C8FA161766720900F5D822 /* logo@2x.png */; };
		27C8FA191766720F00F5D822 /* logo.png in Resources */ = {isa = PBXBuildFile; fileRef = 27C8FA181766720F00F5D822 /* logo.png */; };
		27C8FA1B1766722000F5D822 /* Default@2x.png in Resources */ = {isa = PBXBuildFile; fileRef = 27C8FA1A1766722000F5D822 /* Default@2x.png */; };
		27C8FA1D1766722700F5D822 /* Default.png in Resources */ = {isa = PBXBuildFile; fileRef = 27C8FA1C1766722700F5D822 /* Default.png */; };
		27C8FA1F1766723100F5D822 /* Default-568h@2x.png in Resources */ = {isa = PBXBuildFile; fileRef = 27C8FA1E1766723100F5D822 /* Default-568h@2x.png */; };
		27C8FA301766BE3B00F5D822 /* AppDelegate.m in Sources */ = {isa = PBXBuildFile; fileRef = 27AA0B1B168A70DE00C39A5F /* AppDelegate.m */; };
		27C8FA321766BE3B00F5D822 /* Card.m in Sources */ = {isa = PBXBuildFile; fileRef = 27835A291694EB01001D63CE /* Card.m */; };
		27C8FA341766BE3B00F5D822 /* Deck.m in Sources */ = {isa = PBXBuildFile; fileRef = 27835A251694EA09001D63CE /* Deck.m */; };
		27C8FA361766BE3B00F5D822 /* CardViewController.m in Sources */ = {isa = PBXBuildFile; fileRef = 27835A2C1695000E001D63CE /* CardViewController.m */; };
		27C8FA381766BE3B00F5D822 /* MainViewController.m in Sources */ = {isa = PBXBuildFile; fileRef = 27AA0B27168A70DE00C39A5F /* MainViewController.m */; };
		27C8FA3A1766BE3B00F5D822 /* FlipsideViewController.m in Sources */ = {isa = PBXBuildFile; fileRef = 27AA0B2A168A70DE00C39A5F /* FlipsideViewController.m */; };
		27C8FA3D1766BE3B00F5D822 /* LatinPractice.xcdatamodeld in Sources */ = {isa = PBXBuildFile; fileRef = 27AA0B23168A70DE00C39A5F /* LatinPractice.xcdatamodeld */; };
/* End PBXBuildFile section */

/* Begin PBXContainerItemProxy section */
		27AA0B3D168A70DE00C39A5F /* PBXContainerItemProxy */ = {
			isa = PBXContainerItemProxy;
			containerPortal = 27AA0AFC168A70DE00C39A5F /* Project object */;
			proxyType = 1;
			remoteGlobalIDString = 27AA0B04168A70DE00C39A5F;
			remoteInfo = LatinPractice;
		};
/* End PBXContainerItemProxy section */

/* Begin PBXFileReference section */
		27594AF216DB0A0A00D0AF4E /* LatinAppLoader.sqlite */ = {isa = PBXFileReference; lastKnownFileType = file; path = LatinAppLoader.sqlite; sourceTree = "<group>"; };
		27835A241694EA09001D63CE /* Deck.h */ = {isa = PBXFileReference; fileEncoding = 4; lastKnownFileType = sourcecode.c.h; path = Deck.h; sourceTree = "<group>"; };
		27835A251694EA09001D63CE /* Deck.m */ = {isa = PBXFileReference; fileEncoding = 4; lastKnownFileType = sourcecode.c.objc; path = Deck.m; sourceTree = "<group>"; };
		27835A281694EB01001D63CE /* Card.h */ = {isa = PBXFileReference; fileEncoding = 4; lastKnownFileType = sourcecode.c.h; path = Card.h; sourceTree = "<group>"; };
		27835A291694EB01001D63CE /* Card.m */ = {isa = PBXFileReference; fileEncoding = 4; lastKnownFileType = sourcecode.c.objc; path = Card.m; sourceTree = "<group>"; };
		27835A2B1695000E001D63CE /* CardViewController.h */ = {isa = PBXFileReference; fileEncoding = 4; lastKnownFileType = sourcecode.c.h; path = CardViewController.h; sourceTree = "<group>"; };
		27835A2C1695000E001D63CE /* CardViewController.m */ = {isa = PBXFileReference; fileEncoding = 4; lastKnownFileType = sourcecode.c.objc; path = CardViewController.m; sourceTree = "<group>"; };
		2789F549169BBE9A00617173 /* black.png */ = {isa = PBXFileReference; lastKnownFileType = image.png; name = black.png; path = Images/black.png; sourceTree = "<group>"; };
		2789F54A169BBE9A00617173 /* bread.png */ = {isa = PBXFileReference; lastKnownFileType = image.png; name = bread.png; path = Images/bread.png; sourceTree = "<group>"; };
		2789F54B169BBE9A00617173 /* brown.png */ = {isa = PBXFileReference; lastKnownFileType = image.png; name = brown.png; path = Images/brown.png; sourceTree = "<group>"; };
		2789F54C169BBE9A00617173 /* golden.png */ = {isa = PBXFileReference; lastKnownFileType = image.png; name = golden.png; path = Images/golden.png; sourceTree = "<group>"; };
		2789F54D169BBE9A00617173 /* gray.png */ = {isa = PBXFileReference; lastKnownFileType = image.png; name = gray.png; path = Images/gray.png; sourceTree = "<group>"; };
		2789F54E169BBE9A00617173 /* green.png */ = {isa = PBXFileReference; lastKnownFileType = image.png; name = green.png; path = Images/green.png; sourceTree = "<group>"; };
		2789F54F169BBE9A00617173 /* milk.png */ = {isa = PBXFileReference; lastKnownFileType = image.png; name = milk.png; path = Images/milk.png; sourceTree = "<group>"; };
		2789F550169BBE9A00617173 /* orange.png */ = {isa = PBXFileReference; lastKnownFileType = image.png; name = orange.png; path = Images/orange.png; sourceTree = "<group>"; };
		2789F551169BBE9A00617173 /* pink.png */ = {isa = PBXFileReference; lastKnownFileType = image.png; name = pink.png; path = Images/pink.png; sourceTree = "<group>"; };
		2789F552169BBE9A00617173 /* purple.png */ = {isa = PBXFileReference; lastKnownFileType = image.png; name = purple.png; path = Images/purple.png; sourceTree = "<group>"; };
		2789F553169BBE9A00617173 /* red.png */ = {isa = PBXFileReference; lastKnownFileType = image.png; name = red.png; path = Images/red.png; sourceTree = "<group>"; };
		2789F554169BBE9A00617173 /* silver.png */ = {isa = PBXFileReference; lastKnownFileType = image.png; name = silver.png; path = Images/silver.png; sourceTree = "<group>"; };
		2789F555169BBE9A00617173 /* skyblue.png */ = {isa = PBXFileReference; lastKnownFileType = image.png; name = skyblue.png; path = Images/skyblue.png; sourceTree = "<group>"; };
		2789F556169BBE9A00617173 /* white.png */ = {isa = PBXFileReference; lastKnownFileType = image.png; name = white.png; path = Images/white.png; sourceTree = "<group>"; };
		2789F557169BBE9A00617173 /* wine.png */ = {isa = PBXFileReference; lastKnownFileType = image.png; name = wine.png; path = Images/wine.png; sourceTree = "<group>"; };
		2789F558169BBE9A00617173 /* yellow.png */ = {isa = PBXFileReference; lastKnownFileType = image.png; name = yellow.png; path = Images/yellow.png; sourceTree = "<group>"; };
		27AA0B05168A70DE00C39A5F /* LatinPractice.app */ = {isa = PBXFileReference; explicitFileType = wrapper.application; includeInIndex = 0; path = LatinPractice.app; sourceTree = BUILT_PRODUCTS_DIR; };
		27AA0B09168A70DE00C39A5F /* UIKit.framework */ = {isa = PBXFileReference; lastKnownFileType = wrapper.framework; name = UIKit.framework; path = System/Library/Frameworks/UIKit.framework; sourceTree = SDKROOT; };
		27AA0B0B168A70DE00C39A5F /* Foundation.framework */ = {isa = PBXFileReference; lastKnownFileType = wrapper.framework; name = Foundation.framework; path = System/Library/Frameworks/Foundation.framework; sourceTree = SDKROOT; };
		27AA0B0D168A70DE00C39A5F /* CoreGraphics.framework */ = {isa = PBXFileReference; lastKnownFileType = wrapper.framework; name = CoreGraphics.framework; path = System/Library/Frameworks/CoreGraphics.framework; sourceTree = SDKROOT; };
		27AA0B0F168A70DE00C39A5F /* CoreData.framework */ = {isa = PBXFileReference; lastKnownFileType = wrapper.framework; name = CoreData.framework; path = System/Library/Frameworks/CoreData.framework; sourceTree = SDKROOT; };
		27AA0B13168A70DE00C39A5F /* LatinPractice-Info.plist */ = {isa = PBXFileReference; lastKnownFileType = text.plist.xml; path = "LatinPractice-Info.plist"; sourceTree = "<group>"; };
		27AA0B15168A70DE00C39A5F /* en */ = {isa = PBXFileReference; lastKnownFileType = text.plist.strings; name = en; path = en.lproj/InfoPlist.strings; sourceTree = "<group>"; };
		27AA0B17168A70DE00C39A5F /* main.m */ = {isa = PBXFileReference; lastKnownFileType = sourcecode.c.objc; path = main.m; sourceTree = "<group>"; };
		27AA0B19168A70DE00C39A5F /* LatinPractice-Prefix.pch */ = {isa = PBXFileReference; lastKnownFileType = sourcecode.c.h; path = "LatinPractice-Prefix.pch"; sourceTree = "<group>"; };
		27AA0B1A168A70DE00C39A5F /* AppDelegate.h */ = {isa = PBXFileReference; lastKnownFileType = sourcecode.c.h; path = AppDelegate.h; sourceTree = "<group>"; };
		27AA0B1B168A70DE00C39A5F /* AppDelegate.m */ = {isa = PBXFileReference; lastKnownFileType = sourcecode.c.objc; path = AppDelegate.m; sourceTree = "<group>"; };
		27AA0B24168A70DE00C39A5F /* LatinPractice.xcdatamodel */ = {isa = PBXFileReference; lastKnownFileType = wrapper.xcdatamodel; path = LatinPractice.xcdatamodel; sourceTree = "<group>"; };
		27AA0B26168A70DE00C39A5F /* MainViewController.h */ = {isa = PBXFileReference; lastKnownFileType = sourcecode.c.h; path = MainViewController.h; sourceTree = "<group>"; };
		27AA0B27168A70DE00C39A5F /* MainViewController.m */ = {isa = PBXFileReference; lastKnownFileType = sourcecode.c.objc; path = MainViewController.m; sourceTree = "<group>"; };
		27AA0B29168A70DE00C39A5F /* FlipsideViewController.h */ = {isa = PBXFileReference; lastKnownFileType = sourcecode.c.h; path = FlipsideViewController.h; sourceTree = "<group>"; };
		27AA0B2A168A70DE00C39A5F /* FlipsideViewController.m */ = {isa = PBXFileReference; lastKnownFileType = sourcecode.c.objc; path = FlipsideViewController.m; sourceTree = "<group>"; };
		27AA0B2D168A70DE00C39A5F /* en */ = {isa = PBXFileReference; lastKnownFileType = file.xib; name = en; path = en.lproj/MainViewController.xib; sourceTree = "<group>"; };
		27AA0B30168A70DE00C39A5F /* en */ = {isa = PBXFileReference; lastKnownFileType = file.xib; name = en; path = en.lproj/FlipsideViewController.xib; sourceTree = "<group>"; };
		27AA0B37168A70DE00C39A5F /* LatinPracticeTests.octest */ = {isa = PBXFileReference; explicitFileType = wrapper.cfbundle; includeInIndex = 0; path = LatinPracticeTests.octest; sourceTree = BUILT_PRODUCTS_DIR; };
		27AA0B38168A70DE00C39A5F /* SenTestingKit.framework */ = {isa = PBXFileReference; lastKnownFileType = wrapper.framework; name = SenTestingKit.framework; path = Library/Frameworks/SenTestingKit.framework; sourceTree = DEVELOPER_DIR; };
		27AA0B41168A70DE00C39A5F /* LatinPracticeTests-Info.plist */ = {isa = PBXFileReference; lastKnownFileType = text.plist.xml; path = "LatinPracticeTests-Info.plist"; sourceTree = "<group>"; };
		27AA0B43168A70DE00C39A5F /* en */ = {isa = PBXFileReference; lastKnownFileType = text.plist.strings; name = en; path = en.lproj/InfoPlist.strings; sourceTree = "<group>"; };
		27AA0B45168A70DE00C39A5F /* LatinPracticeTests.h */ = {isa = PBXFileReference; lastKnownFileType = sourcecode.c.h; path = LatinPracticeTests.h; sourceTree = "<group>"; };
		27AA0B46168A70DF00C39A5F /* LatinPracticeTests.m */ = {isa = PBXFileReference; lastKnownFileType = sourcecode.c.objc; path = LatinPracticeTests.m; sourceTree = "<group>"; };
		27C8F9F217657F4A00F5D822 /* bear.png */ = {isa = PBXFileReference; lastKnownFileType = image.png; name = bear.png; path = Images/bear.png; sourceTree = "<group>"; };
		27C8F9F317657F4A00F5D822 /* beer.png */ = {isa = PBXFileReference; lastKnownFileType = image.png; name = beer.png; path = Images/beer.png; sourceTree = "<group>"; };
		27C8F9F417657F4A00F5D822 /* bird.png */ = {isa = PBXFileReference; lastKnownFileType = image.png; name = bird.png; path = Images/bird.png; sourceTree = "<group>"; };
		27C8F9F517657F4A00F5D822 /* cat.png */ = {isa = PBXFileReference; lastKnownFileType = image.png; name = cat.png; path = Images/cat.png; sourceTree = "<group>"; };
		27C8F9F617657F4A00F5D822 /* cow.png */ = {isa = PBXFileReference; lastKnownFileType = image.png; name = cow.png; path = Images/cow.png; sourceTree = "<group>"; };
		27C8F9F717657F4A00F5D822 /* dog.png */ = {isa = PBXFileReference; lastKnownFileType = image.png; name = dog.png; path = Images/dog.png; sourceTree = "<group>"; };
		27C8F9F817657F4A00F5D822 /* duck.png */ = {isa = PBXFileReference; lastKnownFileType = image.png; name = duck.png; path = Images/duck.png; sourceTree = "<group>"; };
		27C8F9F917657F4A00F5D822 /* egg.png */ = {isa = PBXFileReference; lastKnownFileType = image.png; name = egg.png; path = Images/egg.png; sourceTree = "<group>"; };
		27C8F9FA17657F4A00F5D822 /* elephant.png */ = {isa = PBXFileReference; lastKnownFileType = image.png; name = elephant.png; path = Images/elephant.png; sourceTree = "<group>"; };
		27C8F9FB17657F4A00F5D822 /* snake.png */ = {isa = PBXFileReference; lastKnownFileType = image.png; name = snake.png; path = Images/snake.png; sourceTree = "<group>"; };
		27C8F9FC17657F4A00F5D822 /* tiger.png */ = {isa = PBXFileReference; lastKnownFileType = image.png; name = tiger.png; path = Images/tiger.png; sourceTree = "<group>"; };
		27C8F9FD17657F4A00F5D822 /* water.png */ = {isa = PBXFileReference; lastKnownFileType = image.png; name = water.png; path = Images/water.png; sourceTree = "<group>"; };
		27C8FA0A1765808800F5D822 /* pig.png */ = {isa = PBXFileReference; lastKnownFileType = image.png; name = pig.png; path = Images/pig.png; sourceTree = "<group>"; };
		27C8FA0C17665D8C00F5D822 /* background.png */ = {isa = PBXFileReference; lastKnownFileType = image.png; name = background.png; path = Images/background.png; sourceTree = "<group>"; };
		27C8FA0D17665D8C00F5D822 /* background@2x.png */ = {isa = PBXFileReference; lastKnownFileType = image.png; name = "background@2x.png"; path = "Images/background@2x.png"; sourceTree = "<group>"; };
		27C8FA0E17665D8C00F5D822 /* background568.png */ = {isa = PBXFileReference; lastKnownFileType = image.png; name = background568.png; path = Images/background568.png; sourceTree = "<group>"; };
		27C8FA161766720900F5D822 /* logo@2x.png */ = {isa = PBXFileReference; lastKnownFileType = image.png; name = "logo@2x.png"; path = "../logo@2x.png"; sourceTree = "<group>"; };
		27C8FA181766720F00F5D822 /* logo.png */ = {isa = PBXFileReference; lastKnownFileType = image.png; name = logo.png; path = ../logo.png; sourceTree = "<group>"; };
		27C8FA1A1766722000F5D822 /* Default@2x.png */ = {isa = PBXFileReference; lastKnownFileType = image.png; name = "Default@2x.png"; path = "../Default@2x.png"; sourceTree = "<group>"; };
		27C8FA1C1766722700F5D822 /* Default.png */ = {isa = PBXFileReference; lastKnownFileType = image.png; name = Default.png; path = ../Default.png; sourceTree = "<group>"; };
		27C8FA1E1766723100F5D822 /* Default-568h@2x.png */ = {isa = PBXFileReference; lastKnownFileType = image.png; name = "Default-568h@2x.png"; path = "../Default-568h@2x.png"; sourceTree = "<group>"; };
/* End PBXFileReference section */

/* Begin PBXFrameworksBuildPhase section */
		27AA0B02168A70DE00C39A5F /* Frameworks */ = {
			isa = PBXFrameworksBuildPhase;
			buildActionMask = 2147483647;
			files = (
				27AA0B0A168A70DE00C39A5F /* UIKit.framework in Frameworks */,
				27AA0B0C168A70DE00C39A5F /* Foundation.framework in Frameworks */,
				27AA0B0E168A70DE00C39A5F /* CoreGraphics.framework in Frameworks */,
				27AA0B10168A70DE00C39A5F /* CoreData.framework in Frameworks */,
			);
			runOnlyForDeploymentPostprocessing = 0;
		};
		27AA0B33168A70DE00C39A5F /* Frameworks */ = {
			isa = PBXFrameworksBuildPhase;
			buildActionMask = 2147483647;
			files = (
				27AA0B39168A70DE00C39A5F /* SenTestingKit.framework in Frameworks */,
				27AA0B3A168A70DE00C39A5F /* UIKit.framework in Frameworks */,
				27AA0B3B168A70DE00C39A5F /* Foundation.framework in Frameworks */,
				27AA0B3C168A70DE00C39A5F /* CoreData.framework in Frameworks */,
			);
			runOnlyForDeploymentPostprocessing = 0;
		};
/* End PBXFrameworksBuildPhase section */

/* Begin PBXGroup section */
		2789F547169BBE8300617173 /* images */ = {
			isa = PBXGroup;
			children = (
				27C8FA0A1765808800F5D822 /* pig.png */,
				27C8F9F217657F4A00F5D822 /* bear.png */,
				27C8F9F317657F4A00F5D822 /* beer.png */,
				27C8F9F417657F4A00F5D822 /* bird.png */,
				27C8F9F517657F4A00F5D822 /* cat.png */,
				27C8F9F617657F4A00F5D822 /* cow.png */,
				27C8F9F717657F4A00F5D822 /* dog.png */,
				27C8F9F817657F4A00F5D822 /* duck.png */,
				27C8F9F917657F4A00F5D822 /* egg.png */,
				27C8F9FA17657F4A00F5D822 /* elephant.png */,
				27C8F9FB17657F4A00F5D822 /* snake.png */,
				27C8F9FC17657F4A00F5D822 /* tiger.png */,
				27C8F9FD17657F4A00F5D822 /* water.png */,
				2789F549169BBE9A00617173 /* black.png */,
				2789F54A169BBE9A00617173 /* bread.png */,
				2789F54B169BBE9A00617173 /* brown.png */,
				2789F54C169BBE9A00617173 /* golden.png */,
				2789F54D169BBE9A00617173 /* gray.png */,
				2789F54E169BBE9A00617173 /* green.png */,
				2789F54F169BBE9A00617173 /* milk.png */,
				2789F550169BBE9A00617173 /* orange.png */,
				2789F551169BBE9A00617173 /* pink.png */,
				2789F552169BBE9A00617173 /* purple.png */,
				2789F553169BBE9A00617173 /* red.png */,
				2789F554169BBE9A00617173 /* silver.png */,
				2789F555169BBE9A00617173 /* skyblue.png */,
				2789F556169BBE9A00617173 /* white.png */,
				2789F557169BBE9A00617173 /* wine.png */,
				2789F558169BBE9A00617173 /* yellow.png */,
			);
			name = images;
			sourceTree = "<group>";
		};
		27AA0AFA168A70DE00C39A5F = {
			isa = PBXGroup;
			children = (
				27AA0B11168A70DE00C39A5F /* LatinPractice */,
				27AA0B3F168A70DE00C39A5F /* LatinPracticeTests */,
				27AA0B08168A70DE00C39A5F /* Frameworks */,
				27AA0B06168A70DE00C39A5F /* Products */,
			);
			sourceTree = "<group>";
		};
		27AA0B06168A70DE00C39A5F /* Products */ = {
			isa = PBXGroup;
			children = (
				27AA0B05168A70DE00C39A5F /* LatinPractice.app */,
				27AA0B37168A70DE00C39A5F /* LatinPracticeTests.octest */,
			);
			name = Products;
			sourceTree = "<group>";
		};
		27AA0B08168A70DE00C39A5F /* Frameworks */ = {
			isa = PBXGroup;
			children = (
				27AA0B09168A70DE00C39A5F /* UIKit.framework */,
				27AA0B0B168A70DE00C39A5F /* Foundation.framework */,
				27AA0B0D168A70DE00C39A5F /* CoreGraphics.framework */,
				27AA0B0F168A70DE00C39A5F /* CoreData.framework */,
				27AA0B38168A70DE00C39A5F /* SenTestingKit.framework */,
			);
			name = Frameworks;
			sourceTree = "<group>";
		};
		27AA0B11168A70DE00C39A5F /* LatinPractice */ = {
			isa = PBXGroup;
			children = (
				27AA0B1A168A70DE00C39A5F /* AppDelegate.h */,
				27AA0B1B168A70DE00C39A5F /* AppDelegate.m */,
				27835A281694EB01001D63CE /* Card.h */,
				27835A291694EB01001D63CE /* Card.m */,
				27835A241694EA09001D63CE /* Deck.h */,
				27835A251694EA09001D63CE /* Deck.m */,
				27835A2B1695000E001D63CE /* CardViewController.h */,
				27835A2C1695000E001D63CE /* CardViewController.m */,
				27AA0B26168A70DE00C39A5F /* MainViewController.h */,
				27AA0B27168A70DE00C39A5F /* MainViewController.m */,
				27AA0B29168A70DE00C39A5F /* FlipsideViewController.h */,
				27AA0B2A168A70DE00C39A5F /* FlipsideViewController.m */,
				27AA0B2C168A70DE00C39A5F /* MainViewController.xib */,
				27AA0B2F168A70DE00C39A5F /* FlipsideViewController.xib */,
				27AA0B23168A70DE00C39A5F /* LatinPractice.xcdatamodeld */,
				27AA0B12168A70DE00C39A5F /* Supporting Files */,
			);
			path = LatinPractice;
			sourceTree = "<group>";
		};
		27AA0B12168A70DE00C39A5F /* Supporting Files */ = {
			isa = PBXGroup;
			children = (
				27C8FA1E1766723100F5D822 /* Default-568h@2x.png */,
				27C8FA1C1766722700F5D822 /* Default.png */,
				27C8FA1A1766722000F5D822 /* Default@2x.png */,
				27C8FA181766720F00F5D822 /* logo.png */,
				27C8FA161766720900F5D822 /* logo@2x.png */,
				27C8FA0C17665D8C00F5D822 /* background.png */,
				27C8FA0D17665D8C00F5D822 /* background@2x.png */,
				27C8FA0E17665D8C00F5D822 /* background568.png */,
				27AA0B13168A70DE00C39A5F /* LatinPractice-Info.plist */,
				27AA0B14168A70DE00C39A5F /* InfoPlist.strings */,
				27594AF216DB0A0A00D0AF4E /* LatinAppLoader.sqlite */,
				27AA0B17168A70DE00C39A5F /* main.m */,
				27AA0B19168A70DE00C39A5F /* LatinPractice-Prefix.pch */,
				2789F547169BBE8300617173 /* images */,
			);
			name = "Supporting Files";
			sourceTree = "<group>";
		};
		27AA0B3F168A70DE00C39A5F /* LatinPracticeTests */ = {
			isa = PBXGroup;
			children = (
				27AA0B45168A70DE00C39A5F /* LatinPracticeTests.h */,
				27AA0B46168A70DF00C39A5F /* LatinPracticeTests.m */,
				27AA0B40168A70DE00C39A5F /* Supporting Files */,
			);
			path = LatinPracticeTests;
			sourceTree = "<group>";
		};
		27AA0B40168A70DE00C39A5F /* Supporting Files */ = {
			isa = PBXGroup;
			children = (
				27AA0B41168A70DE00C39A5F /* LatinPracticeTests-Info.plist */,
				27AA0B42168A70DE00C39A5F /* InfoPlist.strings */,
			);
			name = "Supporting Files";
			sourceTree = "<group>";
		};
/* End PBXGroup section */

/* Begin PBXNativeTarget section */
		27AA0B04168A70DE00C39A5F /* LatinPractice */ = {
			isa = PBXNativeTarget;
			buildConfigurationList = 27AA0B4A168A70DF00C39A5F /* Build configuration list for PBXNativeTarget "LatinPractice" */;
			buildPhases = (
				27AA0B01168A70DE00C39A5F /* Sources */,
				27AA0B02168A70DE00C39A5F /* Frameworks */,
				27AA0B03168A70DE00C39A5F /* Resources */,
			);
			buildRules = (
			);
			dependencies = (
			);
			name = LatinPractice;
			productName = LatinPractice;
			productReference = 27AA0B05168A70DE00C39A5F /* LatinPractice.app */;
			productType = "com.apple.product-type.application";
		};
		27AA0B36168A70DE00C39A5F /* LatinPracticeTests */ = {
			isa = PBXNativeTarget;
			buildConfigurationList = 27AA0B4D168A70DF00C39A5F /* Build configuration list for PBXNativeTarget "LatinPracticeTests" */;
			buildPhases = (
				27AA0B32168A70DE00C39A5F /* Sources */,
				27AA0B33168A70DE00C39A5F /* Frameworks */,
				27AA0B34168A70DE00C39A5F /* Resources */,
				27AA0B35168A70DE00C39A5F /* ShellScript */,
			);
			buildRules = (
			);
			dependencies = (
				27AA0B3E168A70DE00C39A5F /* PBXTargetDependency */,
			);
			name = LatinPracticeTests;
			productName = LatinPracticeTests;
			productReference = 27AA0B37168A70DE00C39A5F /* LatinPracticeTests.octest */;
			productType = "com.apple.product-type.bundle";
		};
/* End PBXNativeTarget section */

/* Begin PBXProject section */
		27AA0AFC168A70DE00C39A5F /* Project object */ = {
			isa = PBXProject;
			attributes = {
				LastUpgradeCheck = 0450;
				ORGANIZATIONNAME = "Michael Alexander";
			};
			buildConfigurationList = 27AA0AFF168A70DE00C39A5F /* Build configuration list for PBXProject "LatinPractice" */;
			compatibilityVersion = "Xcode 3.2";
			developmentRegion = English;
			hasScannedForEncodings = 0;
			knownRegions = (
				en,
			);
			mainGroup = 27AA0AFA168A70DE00C39A5F;
			productRefGroup = 27AA0B06168A70DE00C39A5F /* Products */;
			projectDirPath = "";
			projectRoot = "";
			targets = (
				27AA0B04168A70DE00C39A5F /* LatinPractice */,
				27AA0B36168A70DE00C39A5F /* LatinPracticeTests */,
			);
		};
/* End PBXProject section */

/* Begin PBXResourcesBuildPhase section */
		27AA0B03168A70DE00C39A5F /* Resources */ = {
			isa = PBXResourcesBuildPhase;
			buildActionMask = 2147483647;
			files = (
				27AA0B16168A70DE00C39A5F /* InfoPlist.strings in Resources */,
				27AA0B2E168A70DE00C39A5F /* MainViewController.xib in Resources */,
				27AA0B31168A70DE00C39A5F /* FlipsideViewController.xib in Resources */,
				2789F559169BBE9A00617173 /* black.png in Resources */,
				2789F55A169BBE9A00617173 /* bread.png in Resources */,
				2789F55B169BBE9A00617173 /* brown.png in Resources */,
				2789F55C169BBE9A00617173 /* golden.png in Resources */,
				2789F55D169BBE9A00617173 /* gray.png in Resources */,
				2789F55E169BBE9A00617173 /* green.png in Resources */,
				2789F55F169BBE9A00617173 /* milk.png in Resources */,
				2789F560169BBE9A00617173 /* orange.png in Resources */,
				2789F561169BBE9A00617173 /* pink.png in Resources */,
				2789F562169BBE9A00617173 /* purple.png in Resources */,
				2789F563169BBE9A00617173 /* red.png in Resources */,
				2789F564169BBE9A00617173 /* silver.png in Resources */,
				2789F565169BBE9A00617173 /* skyblue.png in Resources */,
				2789F566169BBE9A00617173 /* white.png in Resources */,
				2789F567169BBE9A00617173 /* wine.png in Resources */,
				2789F568169BBE9A00617173 /* yellow.png in Resources */,
				27594AF316DB0A0A00D0AF4E /* LatinAppLoader.sqlite in Resources */,
				27C8F9FE17657F4A00F5D822 /* bear.png in Resources */,
				27C8F9FF17657F4A00F5D822 /* beer.png in Resources */,
				27C8FA0017657F4A00F5D822 /* bird.png in Resources */,
				27C8FA0117657F4A00F5D822 /* cat.png in Resources */,
				27C8FA0217657F4A00F5D822 /* cow.png in Resources */,
				27C8FA0317657F4A00F5D822 /* dog.png in Resources */,
				27C8FA0417657F4A00F5D822 /* duck.png in Resources */,
				27C8FA0517657F4A00F5D822 /* egg.png in Resources */,
				27C8FA0617657F4A00F5D822 /* elephant.png in Resources */,
				27C8FA0717657F4A00F5D822 /* snake.png in Resources */,
				27C8FA0817657F4A00F5D822 /* tiger.png in Resources */,
				27C8FA0917657F4A00F5D822 /* water.png in Resources */,
				27C8FA0B1765808800F5D822 /* pig.png in Resources */,
				27C8FA0F17665D8C00F5D822 /* background.png in Resources */,
				27C8FA1017665D8C00F5D822 /* background@2x.png in Resources */,
				27C8FA1117665D8C00F5D822 /* background568.png in Resources */,
				27C8FA171766720900F5D822 /* logo@2x.png in Resources */,
				27C8FA191766720F00F5D822 /* logo.png in Resources */,
				27C8FA1B1766722000F5D822 /* Default@2x.png in Resources */,
				27C8FA1D1766722700F5D822 /* Default.png in Resources */,
				27C8FA1F1766723100F5D822 /* Default-568h@2x.png in Resources */,
			);
			runOnlyForDeploymentPostprocessing = 0;
		};
		27AA0B34168A70DE00C39A5F /* Resources */ = {
			isa = PBXResourcesBuildPhase;
			buildActionMask = 2147483647;
			files = (
				27AA0B44168A70DE00C39A5F /* InfoPlist.strings in Resources */,
				27594AF416DB0A0A00D0AF4E /* LatinAppLoader.sqlite in Resources */,
			);
			runOnlyForDeploymentPostprocessing = 0;
		};
/* End PBXResourcesBuildPhase section */

/* Begin PBXShellScriptBuildPhase section */
		27AA0B35168A70DE00C39A5F /* ShellScript */ = {
			isa = PBXShellScriptBuildPhase;
			buildActionMask = 2147483647;
			files = (
			);
			inputPaths = (
			);
			outputPaths = (
			);
			runOnlyForDeploymentPostprocessing = 0;
			shellPath = /bin/sh;
			shellScript = "# Run the unit tests in this test bundle.\n\"${SYSTEM_DEVELOPER_DIR}/Tools/RunUnitTests\"\n";
		};
/* End PBXShellScriptBuildPhase section */

/* Begin PBXSourcesBuildPhase section */
		27AA0B01168A70DE00C39A5F /* Sources */ = {
			isa = PBXSourcesBuildPhase;
			buildActionMask = 2147483647;
			files = (
				27AA0B18168A70DE00C39A5F /* main.m in Sources */,
				27AA0B1C168A70DE00C39A5F /* AppDelegate.m in Sources */,
				27AA0B25168A70DE00C39A5F /* LatinPractice.xcdatamodeld in Sources */,
				27AA0B28168A70DE00C39A5F /* MainViewController.m in Sources */,
				27AA0B2B168A70DE00C39A5F /* FlipsideViewController.m in Sources */,
				27835A261694EA09001D63CE /* Deck.m in Sources */,
				27835A2A1694EB01001D63CE /* Card.m in Sources */,
				27835A2D1695000E001D63CE /* CardViewController.m in Sources */,
			);
			runOnlyForDeploymentPostprocessing = 0;
		};
		27AA0B32168A70DE00C39A5F /* Sources */ = {
			isa = PBXSourcesBuildPhase;
			buildActionMask = 2147483647;
			files = (
				27C8FA301766BE3B00F5D822 /* AppDelegate.m in Sources */,
				27C8FA321766BE3B00F5D822 /* Card.m in Sources */,
				27C8FA341766BE3B00F5D822 /* Deck.m in Sources */,
				27C8FA361766BE3B00F5D822 /* CardViewController.m in Sources */,
				27C8FA381766BE3B00F5D822 /* MainViewController.m in Sources */,
				27C8FA3A1766BE3B00F5D822 /* FlipsideViewController.m in Sources */,
				27C8FA3D1766BE3B00F5D822 /* LatinPractice.xcdatamodeld in Sources */,
				27AA0B47168A70DF00C39A5F /* LatinPracticeTests.m in Sources */,
			);
			runOnlyForDeploymentPostprocessing = 0;
		};
/* End PBXSourcesBuildPhase section */

/* Begin PBXTargetDependency section */
		27AA0B3E168A70DE00C39A5F /* PBXTargetDependency */ = {
			isa = PBXTargetDependency;
			target = 27AA0B04168A70DE00C39A5F /* LatinPractice */;
			targetProxy = 27AA0B3D168A70DE00C39A5F /* PBXContainerItemProxy */;
		};
/* End PBXTargetDependency section */

/* Begin PBXVariantGroup section */
		27AA0B14168A70DE00C39A5F /* InfoPlist.strings */ = {
			isa = PBXVariantGroup;
			children = (
				27AA0B15168A70DE00C39A5F /* en */,
			);
			name = InfoPlist.strings;
			sourceTree = "<group>";
		};
		27AA0B2C168A70DE00C39A5F /* MainViewController.xib */ = {
			isa = PBXVariantGroup;
			children = (
				27AA0B2D168A70DE00C39A5F /* en */,
			);
			name = MainViewController.xib;
			sourceTree = "<group>";
		};
		27AA0B2F168A70DE00C39A5F /* FlipsideViewController.xib */ = {
			isa = PBXVariantGroup;
			children = (
				27AA0B30168A70DE00C39A5F /* en */,
			);
			name = FlipsideViewController.xib;
			sourceTree = "<group>";
		};
		27AA0B42168A70DE00C39A5F /* InfoPlist.strings */ = {
			isa = PBXVariantGroup;
			children = (
				27AA0B43168A70DE00C39A5F /* en */,
			);
			name = InfoPlist.strings;
			sourceTree = "<group>";
		};
/* End PBXVariantGroup section */

/* Begin XCBuildConfiguration section */
		27AA0B48168A70DF00C39A5F /* Debug */ = {
			isa = XCBuildConfiguration;
			buildSettings = {
				ALWAYS_SEARCH_USER_PATHS = NO;
				CLANG_CXX_LANGUAGE_STANDARD = "gnu++0x";
				CLANG_CXX_LIBRARY = "libc++";
				CLANG_ENABLE_OBJC_ARC = YES;
				CLANG_WARN_EMPTY_BODY = YES;
				CLANG_WARN__DUPLICATE_METHOD_MATCH = YES;
				"CODE_SIGN_IDENTITY[sdk=iphoneos*]" = "iPhone Developer";
				COPY_PHASE_STRIP = NO;
				GCC_C_LANGUAGE_STANDARD = gnu99;
				GCC_DYNAMIC_NO_PIC = NO;
				GCC_OPTIMIZATION_LEVEL = 0;
				GCC_PREPROCESSOR_DEFINITIONS = (
					"DEBUG=1",
					"$(inherited)",
				);
				GCC_SYMBOLS_PRIVATE_EXTERN = NO;
				GCC_WARN_ABOUT_RETURN_TYPE = YES;
				GCC_WARN_UNINITIALIZED_AUTOS = YES;
				GCC_WARN_UNUSED_VARIABLE = YES;
				IPHONEOS_DEPLOYMENT_TARGET = 6.0;
				ONLY_ACTIVE_ARCH = YES;
				SDKROOT = iphoneos;
			};
			name = Debug;
		};
		27AA0B49168A70DF00C39A5F /* Release */ = {
			isa = XCBuildConfiguration;
			buildSettings = {
				ALWAYS_SEARCH_USER_PATHS = NO;
				CLANG_CXX_LANGUAGE_STANDARD = "gnu++0x";
				CLANG_CXX_LIBRARY = "libc++";
				CLANG_ENABLE_OBJC_ARC = YES;
				CLANG_WARN_EMPTY_BODY = YES;
				CLANG_WARN__DUPLICATE_METHOD_MATCH = YES;
				"CODE_SIGN_IDENTITY[sdk=iphoneos*]" = "iPhone Developer";
				COPY_PHASE_STRIP = YES;
				GCC_C_LANGUAGE_STANDARD = gnu99;
				GCC_WARN_ABOUT_RETURN_TYPE = YES;
				GCC_WARN_UNINITIALIZED_AUTOS = YES;
				GCC_WARN_UNUSED_VARIABLE = YES;
				IPHONEOS_DEPLOYMENT_TARGET = 6.0;
				OTHER_CFLAGS = "-DNS_BLOCK_ASSERTIONS=1";
				SDKROOT = iphoneos;
				VALIDATE_PRODUCT = YES;
			};
			name = Release;
		};
		27AA0B4B168A70DF00C39A5F /* Debug */ = {
			isa = XCBuildConfiguration;
			buildSettings = {
				GCC_PRECOMPILE_PREFIX_HEADER = YES;
				GCC_PREFIX_HEADER = "LatinPractice/LatinPractice-Prefix.pch";
				INFOPLIST_FILE = "LatinPractice/LatinPractice-Info.plist";
				PRODUCT_NAME = "$(TARGET_NAME)";
				WRAPPER_EXTENSION = app;
			};
			name = Debug;
		};
		27AA0B4C168A70DF00C39A5F /* Release */ = {
			isa = XCBuildConfiguration;
			buildSettings = {
				GCC_PRECOMPILE_PREFIX_HEADER = YES;
				GCC_PREFIX_HEADER = "LatinPractice/LatinPractice-Prefix.pch";
				INFOPLIST_FILE = "LatinPractice/LatinPractice-Info.plist";
				PRODUCT_NAME = "$(TARGET_NAME)";
				WRAPPER_EXTENSION = app;
			};
			name = Release;
		};
		27AA0B4E168A70DF00C39A5F /* Debug */ = {
			isa = XCBuildConfiguration;
			buildSettings = {
				BUNDLE_LOADER = "$(BUILT_PRODUCTS_DIR)/LatinPractice.app/LatinPractice";
				FRAMEWORK_SEARCH_PATHS = (
					"\"$(SDKROOT)/Developer/Library/Frameworks\"",
					"\"$(DEVELOPER_LIBRARY_DIR)/Frameworks\"",
				);
				GCC_PRECOMPILE_PREFIX_HEADER = YES;
				GCC_PREFIX_HEADER = "LatinPractice/LatinPractice-Prefix.pch";
				INFOPLIST_FILE = "LatinPracticeTests/LatinPracticeTests-Info.plist";
				PRODUCT_NAME = "$(TARGET_NAME)";
				TEST_HOST = "$(BUNDLE_LOADER)";
				WRAPPER_EXTENSION = octest;
			};
			name = Debug;
		};
		27AA0B4F168A70DF00C39A5F /* Release */ = {
			isa = XCBuildConfiguration;
			buildSettings = {
				BUNDLE_LOADER = "$(BUILT_PRODUCTS_DIR)/LatinPractice.app/LatinPractice";
				FRAMEWORK_SEARCH_PATHS = (
					"\"$(SDKROOT)/Developer/Library/Frameworks\"",
					"\"$(DEVELOPER_LIBRARY_DIR)/Frameworks\"",
				);
				GCC_PRECOMPILE_PREFIX_HEADER = YES;
				GCC_PREFIX_HEADER = "LatinPractice/LatinPractice-Prefix.pch";
				INFOPLIST_FILE = "LatinPracticeTests/LatinPracticeTests-Info.plist";
				PRODUCT_NAME = "$(TARGET_NAME)";
				TEST_HOST = "$(BUNDLE_LOADER)";
				WRAPPER_EXTENSION = octest;
			};
			name = Release;
		};
/* End XCBuildConfiguration section */

/* Begin XCConfigurationList section */
		27AA0AFF168A70DE00C39A5F /* Build configuration list for PBXProject "LatinPractice" */ = {
			isa = XCConfigurationList;
			buildConfigurations = (
				27AA0B48168A70DF00C39A5F /* Debug */,
				27AA0B49168A70DF00C39A5F /* Release */,
			);
			defaultConfigurationIsVisible = 0;
			defaultConfigurationName = Release;
		};
		27AA0B4A168A70DF00C39A5F /* Build configuration list for PBXNativeTarget "LatinPractice" */ = {
			isa = XCConfigurationList;
			buildConfigurations = (
				27AA0B4B168A70DF00C39A5F /* Debug */,
				27AA0B4C168A70DF00C39A5F /* Release */,
			);
			defaultConfigurationIsVisible = 0;
			defaultConfigurationName = Release;
		};
		27AA0B4D168A70DF00C39A5F /* Build configuration list for PBXNativeTarget "LatinPracticeTests" */ = {
			isa = XCConfigurationList;
			buildConfigurations = (
				27AA0B4E168A70DF00C39A5F /* Debug */,
				27AA0B4F168A70DF00C39A5F /* Release */,
			);
			defaultConfigurationIsVisible = 0;
			defaultConfigurationName = Release;
		};
/* End XCConfigurationList section */

/* Begin XCVersionGroup section */
		27AA0B23168A70DE00C39A5F /* LatinPractice.xcdatamodeld */ = {
			isa = XCVersionGroup;
			children = (
				27AA0B24168A70DE00C39A5F /* LatinPractice.xcdatamodel */,
			);
			currentVersion = 27AA0B24168A70DE00C39A5F /* LatinPractice.xcdatamodel */;
			path = LatinPractice.xcdatamodeld;
			sourceTree = "<group>";
			versionGroupType = wrapper.xcdatamodel;
		};
/* End XCVersionGroup section */
	};
	rootObject = 27AA0AFC168A70DE00C39A5F /* Project object */;
}
